
Microsoft Visual Studio Solution File, Format Version 12.00
# Visual Studio Version 17
VisualStudioVersion = 17.14.36401.2
MinimumVisualStudioVersion = 10.0.40219.1
Project("{FAE04EC0-301F-11D3-BF4B-00C04F79EFBC}") = "Skylock.WEB", "Skylock.WEB\Skylock.WEB.csproj", "{F987D5E4-D8D8-42A2-A397-8C67CACBB8A4}"
EndProject
Project("{FAE04EC0-301F-11D3-BF4B-00C04F79EFBC}") = "Skylock.Database", "Skylock.Database\Skylock.Database.csproj", "{96F3FC76-84CC-446D-A22E-F362B5D617A6}"
EndProject
Project("{FAE04EC0-301F-11D3-BF4B-00C04F79EFBC}") = "Skylock", "Skylock\Skylock.csproj", "{A1E1C6AE-C6CF-44DD-A7C1-62F0F1AB9E58}"
EndProject
Global
	GlobalSection(SolutionConfigurationPlatforms) = preSolution
		Debug|Any CPU = Debug|Any CPU
		Release|Any CPU = Release|Any CPU
	EndGlobalSection
	GlobalSection(ProjectConfigurationPlatforms) = postSolution
		{F987D5E4-D8D8-42A2-A397-8C67CACBB8A4}.Debug|Any CPU.ActiveCfg = Debug|Any CPU
		{F987D5E4-D8D8-42A2-A397-8C67CACBB8A4}.Debug|Any CPU.Build.0 = Debug|Any CPU
		{F987D5E4-D8D8-42A2-A397-8C67CACBB8A4}.Release|Any CPU.ActiveCfg = Release|Any CPU
		{F987D5E4-D8D8-42A2-A397-8C67CACBB8A4}.Release|Any CPU.Build.0 = Release|Any CPU
		{96F3FC76-84CC-446D-A22E-F362B5D617A6}.Debug|Any CPU.ActiveCfg = Debug|Any CPU
		{96F3FC76-84CC-446D-A22E-F362B5D617A6}.Debug|Any CPU.Build.0 = Debug|Any CPU
		{96F3FC76-84CC-446D-A22E-F362B5D617A6}.Release|Any CPU.ActiveCfg = Release|Any CPU
		{96F3FC76-84CC-446D-A22E-F362B5D617A6}.Release|Any CPU.Build.0 = Release|Any CPU
		{A1E1C6AE-C6CF-44DD-A7C1-62F0F1AB9E58}.Debug|Any CPU.ActiveCfg = Debug|Any CPU
		{A1E1C6AE-C6CF-44DD-A7C1-62F0F1AB9E58}.Debug|Any CPU.Build.0 = Debug|Any CPU
		{A1E1C6AE-C6CF-44DD-A7C1-62F0F1AB9E58}.Release|Any CPU.ActiveCfg = Release|Any CPU
		{A1E1C6AE-C6CF-44DD-A7C1-62F0F1AB9E58}.Release|Any CPU.Build.0 = Release|Any CPU
	EndGlobalSection
	GlobalSection(SolutionProperties) = preSolution
		HideSolutionNode = FALSE
	EndGlobalSection
	GlobalSection(ExtensibilityGlobals) = postSolution
		SolutionGuid = {E6111345-5A89-4ADA-9171-C9F024E1DF5C}
	EndGlobalSection
EndGlobal
